
Microsoft Visual Studio Solution File, Format Version 12.00
# Visual Studio Version 16
VisualStudioVersion = 16.0.32106.194
MinimumVisualStudioVersion = 10.0.40219.1
Project("{FAE04EC0-301F-11D3-BF4B-00C04F79EFBC}") = "SericeBusPublisher", "SericeBusPublisher\SericeBusPublisher.csproj", "{3A1599AE-10D9-4CF0-952E-EA91AA82090A}"
EndProject
Project("{FAE04EC0-301F-11D3-BF4B-00C04F79EFBC}") = "ServiceBusSubscriberOne", "ServiceBusSubscriberOne\ServiceBusSubscriberOne.csproj", "{2691889B-938D-4DF2-91C3-AB1ACF6B7B9B}"
EndProject
Project("{FAE04EC0-301F-11D3-BF4B-00C04F79EFBC}") = "ServiceBusSubscriberTwo", "ServiceBusSubscriberTwo\ServiceBusSubscriberTwo.csproj", "{06ED915E-4843-4C55-83D9-411626625C23}"
EndProject
Global
	GlobalSection(SolutionConfigurationPlatforms) = preSolution
		Debug|Any CPU = Debug|Any CPU
		Release|Any CPU = Release|Any CPU
	EndGlobalSection
	GlobalSection(ProjectConfigurationPlatforms) = postSolution
		{3A1599AE-10D9-4CF0-952E-EA91AA82090A}.Debug|Any CPU.ActiveCfg = Debug|Any CPU
		{3A1599AE-10D9-4CF0-952E-EA91AA82090A}.Debug|Any CPU.Build.0 = Debug|Any CPU
		{3A1599AE-10D9-4CF0-952E-EA91AA82090A}.Release|Any CPU.ActiveCfg = Release|Any CPU
		{3A1599AE-10D9-4CF0-952E-EA91AA82090A}.Release|Any CPU.Build.0 = Release|Any CPU
		{2691889B-938D-4DF2-91C3-AB1ACF6B7B9B}.Debug|Any CPU.ActiveCfg = Debug|Any CPU
		{2691889B-938D-4DF2-91C3-AB1ACF6B7B9B}.Debug|Any CPU.Build.0 = Debug|Any CPU
		{2691889B-938D-4DF2-91C3-AB1ACF6B7B9B}.Release|Any CPU.ActiveCfg = Release|Any CPU
		{2691889B-938D-4DF2-91C3-AB1ACF6B7B9B}.Release|Any CPU.Build.0 = Release|Any CPU
		{06ED915E-4843-4C55-83D9-411626625C23}.Debug|Any CPU.ActiveCfg = Debug|Any CPU
		{06ED915E-4843-4C55-83D9-411626625C23}.Debug|Any CPU.Build.0 = Debug|Any CPU
		{06ED915E-4843-4C55-83D9-411626625C23}.Release|Any CPU.ActiveCfg = Release|Any CPU
		{06ED915E-4843-4C55-83D9-411626625C23}.Release|Any CPU.Build.0 = Release|Any CPU
	EndGlobalSection
	GlobalSection(SolutionProperties) = preSolution
		HideSolutionNode = FALSE
	EndGlobalSection
	GlobalSection(ExtensibilityGlobals) = postSolution
		SolutionGuid = {97EDD81E-24B4-41D5-9035-DD90BCA2B1CE}
	EndGlobalSection
EndGlobal
